// !$*UTF8*$!
{
	archiveVersion = 1;
	classes = {
	};
	objectVersion = 56;
	objects = {

/* Begin PBXBuildFile section */
		94D38DB62B6D78FA00E2C72B /* AppDelegate.swift in Sources */ = {isa = PBXBuildFile; fileRef = 94D38DB52B6D78FA00E2C72B /* AppDelegate.swift */; };
		94D38DB82B6D78FA00E2C72B /* SceneDelegate.swift in Sources */ = {isa = PBXBuildFile; fileRef = 94D38DB72B6D78FA00E2C72B /* SceneDelegate.swift */; };
		94D38DBA2B6D78FA00E2C72B /* ViewController.swift in Sources */ = {isa = PBXBuildFile; fileRef = 94D38DB92B6D78FA00E2C72B /* ViewController.swift */; };
		94D38DBD2B6D78FA00E2C72B /* Main.storyboard in Resources */ = {isa = PBXBuildFile; fileRef = 94D38DBB2B6D78FA00E2C72B /* Main.storyboard */; };
		94D38DBF2B6D78FC00E2C72B /* Assets.xcassets in Resources */ = {isa = PBXBuildFile; fileRef = 94D38DBE2B6D78FC00E2C72B /* Assets.xcassets */; };
		94D38DC22B6D78FC00E2C72B /* LaunchScreen.storyboard in Resources */ = {isa = PBXBuildFile; fileRef = 94D38DC02B6D78FC00E2C72B /* LaunchScreen.storyboard */; };
		94D38DCB2B6D792600E2C72B /* Alamofire in Frameworks */ = {isa = PBXBuildFile; productRef = 94D38DCA2B6D792600E2C72B /* Alamofire */; };
		94D38DCE2B6D793B00E2C72B /* SnapKit in Frameworks */ = {isa = PBXBuildFile; productRef = 94D38DCD2B6D793B00E2C72B /* SnapKit */; };
		94D38DD02B6D793B00E2C72B /* SnapKit-Dynamic in Frameworks */ = {isa = PBXBuildFile; productRef = 94D38DCF2B6D793B00E2C72B /* SnapKit-Dynamic */; };
		94D38DD32B6D794D00E2C72B /* Kingfisher in Frameworks */ = {isa = PBXBuildFile; productRef = 94D38DD22B6D794D00E2C72B /* Kingfisher */; };
		94D38DD62B6D796800E2C72B /* Then in Frameworks */ = {isa = PBXBuildFile; productRef = 94D38DD52B6D796800E2C72B /* Then */; };
		94D38DDA2B6D7EF000E2C72B /* photo.swift in Sources */ = {isa = PBXBuildFile; fileRef = 94D38DD92B6D7EF000E2C72B /* photo.swift */; };
		94D38DDC2B6D89C800E2C72B /* TabBarController.swift in Sources */ = {isa = PBXBuildFile; fileRef = 94D38DDB2B6D89C800E2C72B /* TabBarController.swift */; };
/* End PBXBuildFile section */

/* Begin PBXFileReference section */
		94D38DB22B6D78FA00E2C72B /* Prography_assigment.app */ = {isa = PBXFileReference; explicitFileType = wrapper.application; includeInIndex = 0; path = Prography_assigment.app; sourceTree = BUILT_PRODUCTS_DIR; };
		94D38DB52B6D78FA00E2C72B /* AppDelegate.swift */ = {isa = PBXFileReference; lastKnownFileType = sourcecode.swift; path = AppDelegate.swift; sourceTree = "<group>"; };
		94D38DB72B6D78FA00E2C72B /* SceneDelegate.swift */ = {isa = PBXFileReference; lastKnownFileType = sourcecode.swift; path = SceneDelegate.swift; sourceTree = "<group>"; };
		94D38DB92B6D78FA00E2C72B /* ViewController.swift */ = {isa = PBXFileReference; lastKnownFileType = sourcecode.swift; path = ViewController.swift; sourceTree = "<group>"; };
		94D38DBC2B6D78FA00E2C72B /* Base */ = {isa = PBXFileReference; lastKnownFileType = file.storyboard; name = Base; path = Base.lproj/Main.storyboard; sourceTree = "<group>"; };
		94D38DBE2B6D78FC00E2C72B /* Assets.xcassets */ = {isa = PBXFileReference; lastKnownFileType = folder.assetcatalog; path = Assets.xcassets; sourceTree = "<group>"; };
		94D38DC12B6D78FC00E2C72B /* Base */ = {isa = PBXFileReference; lastKnownFileType = file.storyboard; name = Base; path = Base.lproj/LaunchScreen.storyboard; sourceTree = "<group>"; };
		94D38DC32B6D78FC00E2C72B /* Info.plist */ = {isa = PBXFileReference; lastKnownFileType = text.plist.xml; path = Info.plist; sourceTree = "<group>"; };
		94D38DD92B6D7EF000E2C72B /* photo.swift */ = {isa = PBXFileReference; lastKnownFileType = sourcecode.swift; path = photo.swift; sourceTree = "<group>"; };
		94D38DDB2B6D89C800E2C72B /* TabBarController.swift */ = {isa = PBXFileReference; lastKnownFileType = sourcecode.swift; path = TabBarController.swift; sourceTree = "<group>"; };
/* End PBXFileReference section */

/* Begin PBXFrameworksBuildPhase section */
		94D38DAF2B6D78FA00E2C72B /* Frameworks */ = {
			isa = PBXFrameworksBuildPhase;
			buildActionMask = 2147483647;
			files = (
				94D38DD62B6D796800E2C72B /* Then in Frameworks */,
				94D38DD32B6D794D00E2C72B /* Kingfisher in Frameworks */,
				94D38DCB2B6D792600E2C72B /* Alamofire in Frameworks */,
				94D38DCE2B6D793B00E2C72B /* SnapKit in Frameworks */,
				94D38DD02B6D793B00E2C72B /* SnapKit-Dynamic in Frameworks */,
			);
			runOnlyForDeploymentPostprocessing = 0;
		};
/* End PBXFrameworksBuildPhase section */

/* Begin PBXGroup section */
		94D38DA92B6D78FA00E2C72B = {
			isa = PBXGroup;
			children = (
				94D38DB42B6D78FA00E2C72B /* Prography_assigment */,
				94D38DB32B6D78FA00E2C72B /* Products */,
			);
			sourceTree = "<group>";
		};
		94D38DB32B6D78FA00E2C72B /* Products */ = {
			isa = PBXGroup;
			children = (
				94D38DB22B6D78FA00E2C72B /* Prography_assigment.app */,
			);
			name = Products;
			sourceTree = "<group>";
		};
		94D38DB42B6D78FA00E2C72B /* Prography_assigment */ = {
			isa = PBXGroup;
			children = (
				94D38DB52B6D78FA00E2C72B /* AppDelegate.swift */,
				94D38DB72B6D78FA00E2C72B /* SceneDelegate.swift */,
				94D38DB92B6D78FA00E2C72B /* ViewController.swift */,
				94D38DBB2B6D78FA00E2C72B /* Main.storyboard */,
				94D38DD72B6D7B0C00E2C72B /* Network */,
				94D38DBE2B6D78FC00E2C72B /* Assets.xcassets */,
				94D38DC02B6D78FC00E2C72B /* LaunchScreen.storyboard */,
				94D38DC32B6D78FC00E2C72B /* Info.plist */,
				94D38DDB2B6D89C800E2C72B /* TabBarController.swift */,
			);
			path = Prography_assigment;
			sourceTree = "<group>";
		};
		94D38DD72B6D7B0C00E2C72B /* Network */ = {
			isa = PBXGroup;
			children = (
				94D38DD82B6D7B3000E2C72B /* Model */,
			);
			path = Network;
			sourceTree = "<group>";
		};
		94D38DD82B6D7B3000E2C72B /* Model */ = {
			isa = PBXGroup;
			children = (
				94D38DD92B6D7EF000E2C72B /* photo.swift */,
			);
			path = Model;
			sourceTree = "<group>";
		};
/* End PBXGroup section */

/* Begin PBXNativeTarget section */
		94D38DB12B6D78FA00E2C72B /* Prography_assigment */ = {
			isa = PBXNativeTarget;
			buildConfigurationList = 94D38DC62B6D78FC00E2C72B /* Build configuration list for PBXNativeTarget "Prography_assigment" */;
			buildPhases = (
				94D38DAE2B6D78FA00E2C72B /* Sources */,
				94D38DAF2B6D78FA00E2C72B /* Frameworks */,
				94D38DB02B6D78FA00E2C72B /* Resources */,
			);
			buildRules = (
			);
			dependencies = (
			);
			name = Prography_assigment;
			packageProductDependencies = (
				94D38DCA2B6D792600E2C72B /* Alamofire */,
				94D38DCD2B6D793B00E2C72B /* SnapKit */,
				94D38DCF2B6D793B00E2C72B /* SnapKit-Dynamic */,
				94D38DD22B6D794D00E2C72B /* Kingfisher */,
				94D38DD52B6D796800E2C72B /* Then */,
			);
			productName = Prography_assigment;
			productReference = 94D38DB22B6D78FA00E2C72B /* Prography_assigment.app */;
			productType = "com.apple.product-type.application";
		};
/* End PBXNativeTarget section */

/* Begin PBXProject section */
		94D38DAA2B6D78FA00E2C72B /* Project object */ = {
			isa = PBXProject;
			attributes = {
				BuildIndependentTargetsInParallel = 1;
				LastSwiftUpdateCheck = 1520;
				LastUpgradeCheck = 1520;
				TargetAttributes = {
					94D38DB12B6D78FA00E2C72B = {
						CreatedOnToolsVersion = 15.2;
					};
				};
			};
			buildConfigurationList = 94D38DAD2B6D78FA00E2C72B /* Build configuration list for PBXProject "Prography_assigment" */;
			compatibilityVersion = "Xcode 14.0";
			developmentRegion = en;
			hasScannedForEncodings = 0;
			knownRegions = (
				en,
				Base,
			);
			mainGroup = 94D38DA92B6D78FA00E2C72B;
			packageReferences = (
				94D38DC92B6D792600E2C72B /* XCRemoteSwiftPackageReference "Alamofire" */,
				94D38DCC2B6D793B00E2C72B /* XCRemoteSwiftPackageReference "SnapKit" */,
				94D38DD12B6D794D00E2C72B /* XCRemoteSwiftPackageReference "Kingfisher" */,
				94D38DD42B6D796800E2C72B /* XCRemoteSwiftPackageReference "Then" */,
			);
			productRefGroup = 94D38DB32B6D78FA00E2C72B /* Products */;
			projectDirPath = "";
			projectRoot = "";
			targets = (
				94D38DB12B6D78FA00E2C72B /* Prography_assigment */,
			);
		};
/* End PBXProject section */

/* Begin PBXResourcesBuildPhase section */
		94D38DB02B6D78FA00E2C72B /* Resources */ = {
			isa = PBXResourcesBuildPhase;
			buildActionMask = 2147483647;
			files = (
				94D38DC22B6D78FC00E2C72B /* LaunchScreen.storyboard in Resources */,
				94D38DBF2B6D78FC00E2C72B /* Assets.xcassets in Resources */,
				94D38DBD2B6D78FA00E2C72B /* Main.storyboard in Resources */,
			);
			runOnlyForDeploymentPostprocessing = 0;
		};
/* End PBXResourcesBuildPhase section */

/* Begin PBXSourcesBuildPhase section */
		94D38DAE2B6D78FA00E2C72B /* Sources */ = {
			isa = PBXSourcesBuildPhase;
			buildActionMask = 2147483647;
			files = (
				94D38DDA2B6D7EF000E2C72B /* photo.swift in Sources */,
				94D38DBA2B6D78FA00E2C72B /* ViewController.swift in Sources */,
				94D38DB62B6D78FA00E2C72B /* AppDelegate.swift in Sources */,
				94D38DDC2B6D89C800E2C72B /* TabBarController.swift in Sources */,
				94D38DB82B6D78FA00E2C72B /* SceneDelegate.swift in Sources */,
			);
			runOnlyForDeploymentPostprocessing = 0;
		};
/* End PBXSourcesBuildPhase section */

/* Begin PBXVariantGroup section */
		94D38DBB2B6D78FA00E2C72B /* Main.storyboard */ = {
			isa = PBXVariantGroup;
			children = (
				94D38DBC2B6D78FA00E2C72B /* Base */,
			);
			name = Main.storyboard;
			sourceTree = "<group>";
		};
		94D38DC02B6D78FC00E2C72B /* LaunchScreen.storyboard */ = {
			isa = PBXVariantGroup;
			children = (
				94D38DC12B6D78FC00E2C72B /* Base */,
			);
			name = LaunchScreen.storyboard;
			sourceTree = "<group>";
		};
/* End PBXVariantGroup section */

/* Begin XCBuildConfiguration section */
		94D38DC42B6D78FC00E2C72B /* Debug */ = {
			isa = XCBuildConfiguration;
			buildSettings = {
				ALWAYS_SEARCH_USER_PATHS = NO;
				ASSETCATALOG_COMPILER_GENERATE_SWIFT_ASSET_SYMBOL_EXTENSIONS = YES;
				CLANG_ANALYZER_NONNULL = YES;
				CLANG_ANALYZER_NUMBER_OBJECT_CONVERSION = YES_AGGRESSIVE;
				CLANG_CXX_LANGUAGE_STANDARD = "gnu++20";
				CLANG_ENABLE_MODULES = YES;
				CLANG_ENABLE_OBJC_ARC = YES;
				CLANG_ENABLE_OBJC_WEAK = YES;
				CLANG_WARN_BLOCK_CAPTURE_AUTORELEASING = YES;
				CLANG_WARN_BOOL_CONVERSION = YES;
				CLANG_WARN_COMMA = YES;
				CLANG_WARN_CONSTANT_CONVERSION = YES;
				CLANG_WARN_DEPRECATED_OBJC_IMPLEMENTATIONS = YES;
				CLANG_WARN_DIRECT_OBJC_ISA_USAGE = YES_ERROR;
				CLANG_WARN_DOCUMENTATION_COMMENTS = YES;
				CLANG_WARN_EMPTY_BODY = YES;
				CLANG_WARN_ENUM_CONVERSION = YES;
				CLANG_WARN_INFINITE_RECURSION = YES;
				CLANG_WARN_INT_CONVERSION = YES;
				CLANG_WARN_NON_LITERAL_NULL_CONVERSION = YES;
				CLANG_WARN_OBJC_IMPLICIT_RETAIN_SELF = YES;
				CLANG_WARN_OBJC_LITERAL_CONVERSION = YES;
				CLANG_WARN_OBJC_ROOT_CLASS = YES_ERROR;
				CLANG_WARN_QUOTED_INCLUDE_IN_FRAMEWORK_HEADER = YES;
				CLANG_WARN_RANGE_LOOP_ANALYSIS = YES;
				CLANG_WARN_STRICT_PROTOTYPES = YES;
				CLANG_WARN_SUSPICIOUS_MOVE = YES;
				CLANG_WARN_UNGUARDED_AVAILABILITY = YES_AGGRESSIVE;
				CLANG_WARN_UNREACHABLE_CODE = YES;
				CLANG_WARN__DUPLICATE_METHOD_MATCH = YES;
				COPY_PHASE_STRIP = NO;
				DEBUG_INFORMATION_FORMAT = dwarf;
				ENABLE_STRICT_OBJC_MSGSEND = YES;
				ENABLE_TESTABILITY = YES;
				ENABLE_USER_SCRIPT_SANDBOXING = YES;
				GCC_C_LANGUAGE_STANDARD = gnu17;
				GCC_DYNAMIC_NO_PIC = NO;
				GCC_NO_COMMON_BLOCKS = YES;
				GCC_OPTIMIZATION_LEVEL = 0;
				GCC_PREPROCESSOR_DEFINITIONS = (
					"DEBUG=1",
					"$(inherited)",
				);
				GCC_WARN_64_TO_32_BIT_CONVERSION = YES;
				GCC_WARN_ABOUT_RETURN_TYPE = YES_ERROR;
				GCC_WARN_UNDECLARED_SELECTOR = YES;
				GCC_WARN_UNINITIALIZED_AUTOS = YES_AGGRESSIVE;
				GCC_WARN_UNUSED_FUNCTION = YES;
				GCC_WARN_UNUSED_VARIABLE = YES;
				IPHONEOS_DEPLOYMENT_TARGET = 17.2;
				LOCALIZATION_PREFERS_STRING_CATALOGS = YES;
				MTL_ENABLE_DEBUG_INFO = INCLUDE_SOURCE;
				MTL_FAST_MATH = YES;
				ONLY_ACTIVE_ARCH = YES;
				SDKROOT = iphoneos;
				SWIFT_ACTIVE_COMPILATION_CONDITIONS = "DEBUG $(inherited)";
				SWIFT_OPTIMIZATION_LEVEL = "-Onone";
			};
			name = Debug;
		};
		94D38DC52B6D78FC00E2C72B /* Release */ = {
			isa = XCBuildConfiguration;
			buildSettings = {
				ALWAYS_SEARCH_USER_PATHS = NO;
				ASSETCATALOG_COMPILER_GENERATE_SWIFT_ASSET_SYMBOL_EXTENSIONS = YES;
				CLANG_ANALYZER_NONNULL = YES;
				CLANG_ANALYZER_NUMBER_OBJECT_CONVERSION = YES_AGGRESSIVE;
				CLANG_CXX_LANGUAGE_STANDARD = "gnu++20";
				CLANG_ENABLE_MODULES = YES;
				CLANG_ENABLE_OBJC_ARC = YES;
				CLANG_ENABLE_OBJC_WEAK = YES;
				CLANG_WARN_BLOCK_CAPTURE_AUTORELEASING = YES;
				CLANG_WARN_BOOL_CONVERSION = YES;
				CLANG_WARN_COMMA = YES;
				CLANG_WARN_CONSTANT_CONVERSION = YES;
				CLANG_WARN_DEPRECATED_OBJC_IMPLEMENTATIONS = YES;
				CLANG_WARN_DIRECT_OBJC_ISA_USAGE = YES_ERROR;
				CLANG_WARN_DOCUMENTATION_COMMENTS = YES;
				CLANG_WARN_EMPTY_BODY = YES;
				CLANG_WARN_ENUM_CONVERSION = YES;
				CLANG_WARN_INFINITE_RECURSION = YES;
				CLANG_WARN_INT_CONVERSION = YES;
				CLANG_WARN_NON_LITERAL_NULL_CONVERSION = YES;
				CLANG_WARN_OBJC_IMPLICIT_RETAIN_SELF = YES;
				CLANG_WARN_OBJC_LITERAL_CONVERSION = YES;
				CLANG_WARN_OBJC_ROOT_CLASS = YES_ERROR;
				CLANG_WARN_QUOTED_INCLUDE_IN_FRAMEWORK_HEADER = YES;
				CLANG_WARN_RANGE_LOOP_ANALYSIS = YES;
				CLANG_WARN_STRICT_PROTOTYPES = YES;
				CLANG_WARN_SUSPICIOUS_MOVE = YES;
				CLANG_WARN_UNGUARDED_AVAILABILITY = YES_AGGRESSIVE;
				CLANG_WARN_UNREACHABLE_CODE = YES;
				CLANG_WARN__DUPLICATE_METHOD_MATCH = YES;
				COPY_PHASE_STRIP = NO;
				DEBUG_INFORMATION_FORMAT = "dwarf-with-dsym";
				ENABLE_NS_ASSERTIONS = NO;
				ENABLE_STRICT_OBJC_MSGSEND = YES;
				ENABLE_USER_SCRIPT_SANDBOXING = YES;
				GCC_C_LANGUAGE_STANDARD = gnu17;
				GCC_NO_COMMON_BLOCKS = YES;
				GCC_WARN_64_TO_32_BIT_CONVERSION = YES;
				GCC_WARN_ABOUT_RETURN_TYPE = YES_ERROR;
				GCC_WARN_UNDECLARED_SELECTOR = YES;
				GCC_WARN_UNINITIALIZED_AUTOS = YES_AGGRESSIVE;
				GCC_WARN_UNUSED_FUNCTION = YES;
				GCC_WARN_UNUSED_VARIABLE = YES;
				IPHONEOS_DEPLOYMENT_TARGET = 17.2;
				LOCALIZATION_PREFERS_STRING_CATALOGS = YES;
				MTL_ENABLE_DEBUG_INFO = NO;
				MTL_FAST_MATH = YES;
				SDKROOT = iphoneos;
				SWIFT_COMPILATION_MODE = wholemodule;
				VALIDATE_PRODUCT = YES;
			};
			name = Release;
		};
		94D38DC72B6D78FC00E2C72B /* Debug */ = {
			isa = XCBuildConfiguration;
			buildSettings = {
				ASSETCATALOG_COMPILER_APPICON_NAME = AppIcon;
				ASSETCATALOG_COMPILER_GLOBAL_ACCENT_COLOR_NAME = AccentColor;
				CODE_SIGN_STYLE = Automatic;
				CURRENT_PROJECT_VERSION = 1;
				GENERATE_INFOPLIST_FILE = YES;
				INFOPLIST_FILE = Prography_assigment/Info.plist;
				INFOPLIST_KEY_UIApplicationSupportsIndirectInputEvents = YES;
				INFOPLIST_KEY_UILaunchStoryboardName = LaunchScreen;
				INFOPLIST_KEY_UIMainStoryboardFile = Main;
				INFOPLIST_KEY_UISupportedInterfaceOrientations_iPad = "UIInterfaceOrientationPortrait UIInterfaceOrientationPortraitUpsideDown UIInterfaceOrientationLandscapeLeft UIInterfaceOrientationLandscapeRight";
				INFOPLIST_KEY_UISupportedInterfaceOrientations_iPhone = "UIInterfaceOrientationPortrait UIInterfaceOrientationLandscapeLeft UIInterfaceOrientationLandscapeRight";
				LD_RUNPATH_SEARCH_PATHS = (
					"$(inherited)",
					"@executable_path/Frameworks",
				);
				MARKETING_VERSION = 1.0;
				PRODUCT_BUNDLE_IDENTIFIER = "jm.Prography-assigment";
				PRODUCT_NAME = "$(TARGET_NAME)";
				SWIFT_EMIT_LOC_STRINGS = YES;
				SWIFT_VERSION = 5.0;
				TARGETED_DEVICE_FAMILY = "1,2";
			};
			name = Debug;
		};
		94D38DC82B6D78FC00E2C72B /* Release */ = {
			isa = XCBuildConfiguration;
			buildSettings = {
				ASSETCATALOG_COMPILER_APPICON_NAME = AppIcon;
				ASSETCATALOG_COMPILER_GLOBAL_ACCENT_COLOR_NAME = AccentColor;
				CODE_SIGN_STYLE = Automatic;
				CURRENT_PROJECT_VERSION = 1;
				GENERATE_INFOPLIST_FILE = YES;
				INFOPLIST_FILE = Prography_assigment/Info.plist;
				INFOPLIST_KEY_UIApplicationSupportsIndirectInputEvents = YES;
				INFOPLIST_KEY_UILaunchStoryboardName = LaunchScreen;
				INFOPLIST_KEY_UIMainStoryboardFile = Main;
				INFOPLIST_KEY_UISupportedInterfaceOrientations_iPad = "UIInterfaceOrientationPortrait UIInterfaceOrientationPortraitUpsideDown UIInterfaceOrientationLandscapeLeft UIInterfaceOrientationLandscapeRight";
				INFOPLIST_KEY_UISupportedInterfaceOrientations_iPhone = "UIInterfaceOrientationPortrait UIInterfaceOrientationLandscapeLeft UIInterfaceOrientationLandscapeRight";
				LD_RUNPATH_SEARCH_PATHS = (
					"$(inherited)",
					"@executable_path/Frameworks",
				);
				MARKETING_VERSION = 1.0;
				PRODUCT_BUNDLE_IDENTIFIER = "jm.Prography-assigment";
				PRODUCT_NAME = "$(TARGET_NAME)";
				SWIFT_EMIT_LOC_STRINGS = YES;
				SWIFT_VERSION = 5.0;
				TARGETED_DEVICE_FAMILY = "1,2";
			};
			name = Release;
		};
/* End XCBuildConfiguration section */

/* Begin XCConfigurationList section */
		94D38DAD2B6D78FA00E2C72B /* Build configuration list for PBXProject "Prography_assigment" */ = {
			isa = XCConfigurationList;
			buildConfigurations = (
				94D38DC42B6D78FC00E2C72B /* Debug */,
				94D38DC52B6D78FC00E2C72B /* Release */,
			);
			defaultConfigurationIsVisible = 0;
			defaultConfigurationName = Release;
		};
		94D38DC62B6D78FC00E2C72B /* Build configuration list for PBXNativeTarget "Prography_assigment" */ = {
			isa = XCConfigurationList;
			buildConfigurations = (
				94D38DC72B6D78FC00E2C72B /* Debug */,
				94D38DC82B6D78FC00E2C72B /* Release */,
			);
			defaultConfigurationIsVisible = 0;
			defaultConfigurationName = Release;
		};
/* End XCConfigurationList section */

/* Begin XCRemoteSwiftPackageReference section */
		94D38DC92B6D792600E2C72B /* XCRemoteSwiftPackageReference "Alamofire" */ = {
			isa = XCRemoteSwiftPackageReference;
			repositoryURL = "https://github.com/Alamofire/Alamofire.git";
			requirement = {
				kind = upToNextMajorVersion;
				minimumVersion = 5.8.1;
			};
		};
		94D38DCC2B6D793B00E2C72B /* XCRemoteSwiftPackageReference "SnapKit" */ = {
			isa = XCRemoteSwiftPackageReference;
			repositoryURL = "https://github.com/SnapKit/SnapKit.git";
			requirement = {
				kind = upToNextMajorVersion;
				minimumVersion = 5.7.0;
			};
		};
		94D38DD12B6D794D00E2C72B /* XCRemoteSwiftPackageReference "Kingfisher" */ = {
			isa = XCRemoteSwiftPackageReference;
			repositoryURL = "https://github.com/onevcat/Kingfisher.git";
			requirement = {
				kind = upToNextMajorVersion;
				minimumVersion = 7.10.2;
			};
		};
		94D38DD42B6D796800E2C72B /* XCRemoteSwiftPackageReference "Then" */ = {
			isa = XCRemoteSwiftPackageReference;
			repositoryURL = "https://github.com/devxoul/Then.git";
			requirement = {
				kind = upToNextMajorVersion;
				minimumVersion = 3.0.0;
			};
		};
/* End XCRemoteSwiftPackageReference section */

/* Begin XCSwiftPackageProductDependency section */
		94D38DCA2B6D792600E2C72B /* Alamofire */ = {
			isa = XCSwiftPackageProductDependency;
			package = 94D38DC92B6D792600E2C72B /* XCRemoteSwiftPackageReference "Alamofire" */;
			productName = Alamofire;
		};
		94D38DCD2B6D793B00E2C72B /* SnapKit */ = {
			isa = XCSwiftPackageProductDependency;
			package = 94D38DCC2B6D793B00E2C72B /* XCRemoteSwiftPackageReference "SnapKit" */;
			productName = SnapKit;
		};
		94D38DCF2B6D793B00E2C72B /* SnapKit-Dynamic */ = {
			isa = XCSwiftPackageProductDependency;
			package = 94D38DCC2B6D793B00E2C72B /* XCRemoteSwiftPackageReference "SnapKit" */;
			productName = "SnapKit-Dynamic";
		};
		94D38DD22B6D794D00E2C72B /* Kingfisher */ = {
			isa = XCSwiftPackageProductDependency;
			package = 94D38DD12B6D794D00E2C72B /* XCRemoteSwiftPackageReference "Kingfisher" */;
			productName = Kingfisher;
		};
		94D38DD52B6D796800E2C72B /* Then */ = {
			isa = XCSwiftPackageProductDependency;
			package = 94D38DD42B6D796800E2C72B /* XCRemoteSwiftPackageReference "Then" */;
			productName = Then;
		};
/* End XCSwiftPackageProductDependency section */
	};
	rootObject = 94D38DAA2B6D78FA00E2C72B /* Project object */;
}
